
Microsoft Visual Studio Solution File, Format Version 12.00
# Visual Studio Version 18
VisualStudioVersion = 18.0.11005.162
MinimumVisualStudioVersion = 10.0.40219.1
Project("{FAE04EC0-301F-11D3-BF4B-00C04F79EFBC}") = "PortfolioApp.Data", "PortfolioApp.Data\PortfolioApp.Data.csproj", "{0B61C1C7-7A48-4FC1-A8A2-048631720F17}"
EndProject
Project("{FAE04EC0-301F-11D3-BF4B-00C04F79EFBC}") = "PortfolioApp.WebUI", "PortfolioApp.WebUI\PortfolioApp.WebUI.csproj", "{7CB91683-67DB-420F-A05F-91608A1723F4}"
EndProject
Project("{FAE04EC0-301F-11D3-BF4B-00C04F79EFBC}") = "PortfolioApp.MinimalCore", "MinimalCore\PortfolioApp.MinimalCore.csproj", "{1BD54FF7-8E4D-4FDE-8CF9-FD9926185F70}"
EndProject
Global
	GlobalSection(SolutionConfigurationPlatforms) = preSolution
		Debug|Any CPU = Debug|Any CPU
		Release|Any CPU = Release|Any CPU
	EndGlobalSection
	GlobalSection(ProjectConfigurationPlatforms) = postSolution
		{0B61C1C7-7A48-4FC1-A8A2-048631720F17}.Debug|Any CPU.ActiveCfg = Debug|Any CPU
		{0B61C1C7-7A48-4FC1-A8A2-048631720F17}.Debug|Any CPU.Build.0 = Debug|Any CPU
		{0B61C1C7-7A48-4FC1-A8A2-048631720F17}.Release|Any CPU.ActiveCfg = Release|Any CPU
		{0B61C1C7-7A48-4FC1-A8A2-048631720F17}.Release|Any CPU.Build.0 = Release|Any CPU
		{7CB91683-67DB-420F-A05F-91608A1723F4}.Debug|Any CPU.ActiveCfg = Debug|Any CPU
		{7CB91683-67DB-420F-A05F-91608A1723F4}.Debug|Any CPU.Build.0 = Debug|Any CPU
		{7CB91683-67DB-420F-A05F-91608A1723F4}.Release|Any CPU.ActiveCfg = Release|Any CPU
		{7CB91683-67DB-420F-A05F-91608A1723F4}.Release|Any CPU.Build.0 = Release|Any CPU
		{1BD54FF7-8E4D-4FDE-8CF9-FD9926185F70}.Debug|Any CPU.ActiveCfg = Debug|Any CPU
		{1BD54FF7-8E4D-4FDE-8CF9-FD9926185F70}.Debug|Any CPU.Build.0 = Debug|Any CPU
		{1BD54FF7-8E4D-4FDE-8CF9-FD9926185F70}.Release|Any CPU.ActiveCfg = Release|Any CPU
		{1BD54FF7-8E4D-4FDE-8CF9-FD9926185F70}.Release|Any CPU.Build.0 = Release|Any CPU
	EndGlobalSection
	GlobalSection(SolutionProperties) = preSolution
		HideSolutionNode = FALSE
	EndGlobalSection
	GlobalSection(ExtensibilityGlobals) = postSolution
		SolutionGuid = {78688D03-2180-4986-9778-994EC592D5EC}
	EndGlobalSection
EndGlobal
